
Microsoft Visual Studio Solution File, Format Version 12.00
# Visual Studio 15
VisualStudioVersion = 15.0.27428.2015
MinimumVisualStudioVersion = 10.0.40219.1
Project("{FAE04EC0-301F-11D3-BF4B-00C04F79EFBC}") = "CarsStore.UI", "CarsStore\CarsStore.UI.csproj", "{0034832C-1382-4D4A-8C99-745B217688BC}"
EndProject
Project("{FAE04EC0-301F-11D3-BF4B-00C04F79EFBC}") = "CarsStore.Data", "CarsStore.Data\CarsStore.Data.csproj", "{8DE452A7-8A02-4A54-8664-89BFC3E88903}"
EndProject
Project("{FAE04EC0-301F-11D3-BF4B-00C04F79EFBC}") = "CarsStore.Models", "CarsStore.Models\CarsStore.Models.csproj", "{D0862E64-A884-41A7-B63D-FFB3F369A2FD}"
EndProject
Project("{FAE04EC0-301F-11D3-BF4B-00C04F79EFBC}") = "CarsStore.Tests", "CarsStore.Tests\CarsStore.Tests.csproj", "{ECD1D3E2-6374-43D2-A00F-EDA1EA7E275D}"
EndProject
Global
	GlobalSection(SolutionConfigurationPlatforms) = preSolution
		Debug|Any CPU = Debug|Any CPU
		Release|Any CPU = Release|Any CPU
	EndGlobalSection
	GlobalSection(ProjectConfigurationPlatforms) = postSolution
		{0034832C-1382-4D4A-8C99-745B217688BC}.Debug|Any CPU.ActiveCfg = Debug|Any CPU
		{0034832C-1382-4D4A-8C99-745B217688BC}.Debug|Any CPU.Build.0 = Debug|Any CPU
		{0034832C-1382-4D4A-8C99-745B217688BC}.Release|Any CPU.ActiveCfg = Release|Any CPU
		{0034832C-1382-4D4A-8C99-745B217688BC}.Release|Any CPU.Build.0 = Release|Any CPU
		{8DE452A7-8A02-4A54-8664-89BFC3E88903}.Debug|Any CPU.ActiveCfg = Debug|Any CPU
		{8DE452A7-8A02-4A54-8664-89BFC3E88903}.Debug|Any CPU.Build.0 = Debug|Any CPU
		{8DE452A7-8A02-4A54-8664-89BFC3E88903}.Release|Any CPU.ActiveCfg = Release|Any CPU
		{8DE452A7-8A02-4A54-8664-89BFC3E88903}.Release|Any CPU.Build.0 = Release|Any CPU
		{D0862E64-A884-41A7-B63D-FFB3F369A2FD}.Debug|Any CPU.ActiveCfg = Debug|Any CPU
		{D0862E64-A884-41A7-B63D-FFB3F369A2FD}.Debug|Any CPU.Build.0 = Debug|Any CPU
		{D0862E64-A884-41A7-B63D-FFB3F369A2FD}.Release|Any CPU.ActiveCfg = Release|Any CPU
		{D0862E64-A884-41A7-B63D-FFB3F369A2FD}.Release|Any CPU.Build.0 = Release|Any CPU
		{ECD1D3E2-6374-43D2-A00F-EDA1EA7E275D}.Debug|Any CPU.ActiveCfg = Debug|Any CPU
		{ECD1D3E2-6374-43D2-A00F-EDA1EA7E275D}.Debug|Any CPU.Build.0 = Debug|Any CPU
		{ECD1D3E2-6374-43D2-A00F-EDA1EA7E275D}.Release|Any CPU.ActiveCfg = Release|Any CPU
		{ECD1D3E2-6374-43D2-A00F-EDA1EA7E275D}.Release|Any CPU.Build.0 = Release|Any CPU
	EndGlobalSection
	GlobalSection(SolutionProperties) = preSolution
		HideSolutionNode = FALSE
	EndGlobalSection
	GlobalSection(ExtensibilityGlobals) = postSolution
		SolutionGuid = {1FC471A5-1F81-4332-8BA6-0982EE9A9644}
	EndGlobalSection
EndGlobal
